PODS:
  - Adjust (4.4.1):
    - Adjust/Core (= 4.4.1)
  - Adjust/Core (4.4.1)
  - Bolts/Tasks (1.4.0)
  - Crashlytics (3.3.4)
  - Fabric (1.5.5):
    - Fabric/Base (= 1.5.5)
  - Fabric/Base (1.5.5)
  - Flurry-iOS-SDK (7.3.0):
    - Flurry-iOS-SDK/FlurrySDK (= 7.3.0)
  - Flurry-iOS-SDK/FlurrySDK (7.3.0)
  - GoogleAnalytics (3.13.0)
  - Localytics (3.5.1)
  - Mixpanel (2.9.0):
    - Mixpanel/Mixpanel (= 2.9.0)
  - Mixpanel/Mixpanel (2.9.0)
  - NewRelicAgent (5.3.2)
  - Parse (1.7.5.3):
    - Bolts/Tasks (>= 1.2.0)

DEPENDENCIES:
  - Adjust
  - Crashlytics
  - Fabric
  - Flurry-iOS-SDK
  - GoogleAnalytics
  - Localytics
  - Mixpanel
  - NewRelicAgent
  - Parse

SPEC CHECKSUMS:
  Adjust: e81e2cbe1df388fb181adfc27d6a1f4ddf71b339
  Bolts: 0e9bce58b9b9f5e8a7a4d47b16d2fabec289072b
  Crashlytics: 41c082440d2e14da444186fff65e79c0b4b35d4c
  Fabric: 190bf1a6eb65f7500de1347d027d2e59a7e53db1
  Flurry-iOS-SDK: 054befae0fa0244fb000985bfe757d70f87a9f60
  GoogleAnalytics: fcf1f1cad57ae1a9a53520018f0f680ceeeb8b49
  Localytics: da06c00606839b53978ca093adbca1d8afdeeb3e
  Mixpanel: 42ae6168effc48481d957f7883dd8514a398738d
  NewRelicAgent: aebd84eb0c99b5e4ee7a8629eddd4eb3c273a109
  Parse: 373adbb1ad2e34d383542c3b28f678c49ebe4881

COCOAPODS: 0.39.0
