PODS:
  - Adjust (4.8.3):
    - Adjust/Core (= 4.8.3)
  - Adjust/Core (4.8.3)
  - Bolts/Tasks (1.8.4)
  - Crashlytics (3.7.3):
    - Fabric (~> 1.6.3)
  - Fabric (1.6.8)
  - Flurry-iOS-SDK (7.6.6):
    - Flurry-iOS-SDK/FlurrySDK (= 7.6.6)
  - Flurry-iOS-SDK/FlurrySDK (7.6.6)
  - GoogleAnalytics (3.16.0)
  - Localytics (4.0.1)
  - Mixpanel (3.0.2):
    - Mixpanel/Mixpanel (= 3.0.2)
  - Mixpanel/Mixpanel (3.0.2)
  - NewRelicAgent (5.7.1)
  - Parse (1.14.2):
    - Bolts/Tasks (~> 1.8)

DEPENDENCIES:
  - Adjust
  - Crashlytics
  - Fabric
  - Flurry-iOS-SDK
  - GoogleAnalytics
  - Localytics
  - Mixpanel
  - NewRelicAgent
  - Parse

SPEC CHECKSUMS:
  Adjust: 18316e64025f7f71530938a90571e5e188f346c5
  Bolts: 8a7995239dbe724f9cba2248b766d48b7ebdd322
  Crashlytics: 76f6beaff70acf226139582c09c78461597c2b98
  Fabric: 5755268d0171435ab167e3d0878a28a777deaf10
  Flurry-iOS-SDK: 97bbeec09cca666c2f1772f6e161c4f8ccff611e
  GoogleAnalytics: 3de986b2fa29012c69fa415566006a9c9cf25320
  Localytics: b83296ce3674965cb122e1e05d427b2f622f62f6
  Mixpanel: 0e4f1f9a2ac612b589b2894830038418c2587428
  NewRelicAgent: 26501e37b2c417b644abe99e8acb6684193e4acf
  Parse: 4335d65f40cb3d43190d723144bbe1afb9c38230

PODFILE CHECKSUM: a4a1cb7a5cfc8704b59ace90ed2c50cc6bdad947

COCOAPODS: 1.0.1
